
Microsoft Visual Studio Solution File, Format Version 12.00
# Visual Studio Version 16
VisualStudioVersion = 16.0.29911.84
MinimumVisualStudioVersion = 10.0.40219.1
Project("{FAE04EC0-301F-11D3-BF4B-00C04F79EFBC}") = "TestFramework", "TestFramework.csproj", "{484E9A76-6429-4030-882A-8401393B7441}"
EndProject
Project("{FAE04EC0-301F-11D3-BF4B-00C04F79EFBC}") = "ExampleOfTesting", "..\ExampleOfTesting\ExampleOfTesting.csproj", "{C0D397C6-5D7E-4814-9419-F1A9C34BF6A3}"
EndProject
Project("{FAE04EC0-301F-11D3-BF4B-00C04F79EFBC}") = "TestHashMap", "..\TestHashMap\TestHashMap.csproj", "{325B3AE8-7969-477E-9A1A-5C58F20E658B}"
EndProject
Project("{FAE04EC0-301F-11D3-BF4B-00C04F79EFBC}") = "HashMapLib", "..\HashMapLib\HashMapLib.csproj", "{A62EDCE0-1A69-4195-808F-5723AD091858}"
EndProject
Global
	GlobalSection(SolutionConfigurationPlatforms) = preSolution
		Debug|Any CPU = Debug|Any CPU
		Release|Any CPU = Release|Any CPU
	EndGlobalSection
	GlobalSection(ProjectConfigurationPlatforms) = postSolution
		{484E9A76-6429-4030-882A-8401393B7441}.Debug|Any CPU.ActiveCfg = Debug|Any CPU
		{484E9A76-6429-4030-882A-8401393B7441}.Debug|Any CPU.Build.0 = Debug|Any CPU
		{484E9A76-6429-4030-882A-8401393B7441}.Release|Any CPU.ActiveCfg = Release|Any CPU
		{484E9A76-6429-4030-882A-8401393B7441}.Release|Any CPU.Build.0 = Release|Any CPU
		{C0D397C6-5D7E-4814-9419-F1A9C34BF6A3}.Debug|Any CPU.ActiveCfg = Debug|Any CPU
		{C0D397C6-5D7E-4814-9419-F1A9C34BF6A3}.Debug|Any CPU.Build.0 = Debug|Any CPU
		{C0D397C6-5D7E-4814-9419-F1A9C34BF6A3}.Release|Any CPU.ActiveCfg = Release|Any CPU
		{C0D397C6-5D7E-4814-9419-F1A9C34BF6A3}.Release|Any CPU.Build.0 = Release|Any CPU
		{325B3AE8-7969-477E-9A1A-5C58F20E658B}.Debug|Any CPU.ActiveCfg = Debug|Any CPU
		{325B3AE8-7969-477E-9A1A-5C58F20E658B}.Debug|Any CPU.Build.0 = Debug|Any CPU
		{325B3AE8-7969-477E-9A1A-5C58F20E658B}.Release|Any CPU.ActiveCfg = Release|Any CPU
		{325B3AE8-7969-477E-9A1A-5C58F20E658B}.Release|Any CPU.Build.0 = Release|Any CPU
		{A62EDCE0-1A69-4195-808F-5723AD091858}.Debug|Any CPU.ActiveCfg = Debug|Any CPU
		{A62EDCE0-1A69-4195-808F-5723AD091858}.Debug|Any CPU.Build.0 = Debug|Any CPU
		{A62EDCE0-1A69-4195-808F-5723AD091858}.Release|Any CPU.ActiveCfg = Release|Any CPU
		{A62EDCE0-1A69-4195-808F-5723AD091858}.Release|Any CPU.Build.0 = Release|Any CPU
	EndGlobalSection
	GlobalSection(SolutionProperties) = preSolution
		HideSolutionNode = FALSE
	EndGlobalSection
	GlobalSection(ExtensibilityGlobals) = postSolution
		SolutionGuid = {C1AD114D-DBB5-422F-8704-1553C5BA75BF}
	EndGlobalSection
EndGlobal
